Microsoft Visual Studio Solution File, Format Version 12.00
# Visual Studio Version 17
VisualStudioVersion = 17.0.31903.59
MinimumVisualStudioVersion = 10.0.40219.1
Project("{8BC9CEB8-8B4A-11D0-8D11-00A0C91BC942}") = "MintEngine", "MintEngine\MintEngine.vcxproj", "{CDA2CBBC-356D-4D72-9E5E-F2C3BF7813F4}"
EndProject
Project("{8BC9CEB8-8B4A-11D0-8D11-00A0C91BC942}") = "GuildManager", "Games\GuildManager\GuildManager.vcxproj", "{D1AF1BA8-F6D8-4110-85EF-68851FE5610F}"
	ProjectSection(ProjectDependencies) = postProject
		{4B10A7C1-D84F-4B5D-8A7E-A0B8A1C5A9F0} = {4B10A7C1-D84F-4B5D-8A7E-A0B8A1C5A9F0}
		{CDA2CBBC-356D-4D72-9E5E-F2C3BF7813F4} = {CDA2CBBC-356D-4D72-9E5E-F2C3BF7813F4}
	EndProjectSection
EndProject
Project("{8BC9CEB8-8B4A-11D0-8D11-00A0C91BC942}") = "MintUI", "MintUI\MintUI.vcxproj", "{4B10A7C1-D84F-4B5D-8A7E-A0B8A1C5A9F0}"
	ProjectSection(ProjectDependencies) = postProject
		{CDA2CBBC-356D-4D72-9E5E-F2C3BF7813F4} = {CDA2CBBC-356D-4D72-9E5E-F2C3BF7813F4}
	EndProjectSection
EndProject
Global
	GlobalSection(SolutionConfigurationPlatforms) = preSolution
		Debug|x64 = Debug|x64
		Release|x64 = Release|x64
	EndGlobalSection
	GlobalSection(ProjectConfigurationPlatforms) = postSolution
		{CDA2CBBC-356D-4D72-9E5E-F2C3BF7813F4}.Debug|x64.ActiveCfg = Debug|x64
		{CDA2CBBC-356D-4D72-9E5E-F2C3BF7813F4}.Debug|x64.Build.0 = Debug|x64
		{CDA2CBBC-356D-4D72-9E5E-F2C3BF7813F4}.Release|x64.ActiveCfg = Release|x64
		{CDA2CBBC-356D-4D72-9E5E-F2C3BF7813F4}.Release|x64.Build.0 = Release|x64
		{D1AF1BA8-F6D8-4110-85EF-68851FE5610F}.Debug|x64.ActiveCfg = Debug|x64
		{D1AF1BA8-F6D8-4110-85EF-68851FE5610F}.Debug|x64.Build.0 = Debug|x64
		{D1AF1BA8-F6D8-4110-85EF-68851FE5610F}.Release|x64.ActiveCfg = Release|x64
		{D1AF1BA8-F6D8-4110-85EF-68851FE5610F}.Release|x64.Build.0 = Release|x64
		{4B10A7C1-D84F-4B5D-8A7E-A0B8A1C5A9F0}.Debug|x64.ActiveCfg = Debug|x64
		{4B10A7C1-D84F-4B5D-8A7E-A0B8A1C5A9F0}.Debug|x64.Build.0 = Debug|x64
		{4B10A7C1-D84F-4B5D-8A7E-A0B8A1C5A9F0}.Release|x64.ActiveCfg = Release|x64
		{4B10A7C1-D84F-4B5D-8A7E-A0B8A1C5A9F0}.Release|x64.Build.0 = Release|x64
	EndGlobalSection
	GlobalSection(SolutionProperties) = preSolution
		HideSolutionNode = FALSE
	EndGlobalSection
	GlobalSection(ExtensibilityGlobals) = postSolution
		SolutionGuid = {FBEB0F01-B422-4C29-AD3F-CB452ACC9CAD}
	EndGlobalSection
EndGlobal
